
Microsoft Visual Studio Solution File, Format Version 12.00
# Visual Studio Version 16
VisualStudioVersion = 16.0.31911.196
MinimumVisualStudioVersion = 10.0.40219.1
Project("{FAE04EC0-301F-11D3-BF4B-00C04F79EFBC}") = "servidor_framework", "servidor_framework\servidor_framework.csproj", "{3EC6E601-1609-473B-94B6-7EEA338FF67D}"
EndProject
Global
	GlobalSection(SolutionConfigurationPlatforms) = preSolution
		Debug|Any CPU = Debug|Any CPU
		Release|Any CPU = Release|Any CPU
	EndGlobalSection
	GlobalSection(ProjectConfigurationPlatforms) = postSolution
		{3EC6E601-1609-473B-94B6-7EEA338FF67D}.Debug|Any CPU.ActiveCfg = Debug|Any CPU
		{3EC6E601-1609-473B-94B6-7EEA338FF67D}.Debug|Any CPU.Build.0 = Debug|Any CPU
		{3EC6E601-1609-473B-94B6-7EEA338FF67D}.Release|Any CPU.ActiveCfg = Release|Any CPU
		{3EC6E601-1609-473B-94B6-7EEA338FF67D}.Release|Any CPU.Build.0 = Release|Any CPU
	EndGlobalSection
	GlobalSection(SolutionProperties) = preSolution
		HideSolutionNode = FALSE
	EndGlobalSection
	GlobalSection(ExtensibilityGlobals) = postSolution
		SolutionGuid = {07797B96-2CF6-4B0F-8E78-7C3E729D8A7F}
	EndGlobalSection
EndGlobal
