
Microsoft Visual Studio Solution File, Format Version 12.00
# Visual Studio Version 16
VisualStudioVersion = 16.0.31911.196
MinimumVisualStudioVersion = 10.0.40219.1
Project("{FAE04EC0-301F-11D3-BF4B-00C04F79EFBC}") = "servidor", "servidor\servidor.csproj", "{58B7A30C-CD1A-4B98-AAEB-46578E1699D8}"
EndProject
Global
	GlobalSection(SolutionConfigurationPlatforms) = preSolution
		Debug|Any CPU = Debug|Any CPU
		Release|Any CPU = Release|Any CPU
	EndGlobalSection
	GlobalSection(ProjectConfigurationPlatforms) = postSolution
		{58B7A30C-CD1A-4B98-AAEB-46578E1699D8}.Debug|Any CPU.ActiveCfg = Debug|Any CPU
		{58B7A30C-CD1A-4B98-AAEB-46578E1699D8}.Debug|Any CPU.Build.0 = Debug|Any CPU
		{58B7A30C-CD1A-4B98-AAEB-46578E1699D8}.Release|Any CPU.ActiveCfg = Release|Any CPU
		{58B7A30C-CD1A-4B98-AAEB-46578E1699D8}.Release|Any CPU.Build.0 = Release|Any CPU
	EndGlobalSection
	GlobalSection(SolutionProperties) = preSolution
		HideSolutionNode = FALSE
	EndGlobalSection
	GlobalSection(ExtensibilityGlobals) = postSolution
		SolutionGuid = {7446DDB1-541F-4F9D-B41D-3087D37188B0}
	EndGlobalSection
EndGlobal
